
Microsoft Visual Studio Solution File, Format Version 12.00
# Visual Studio Version 17
VisualStudioVersion = 17.10.35004.147
MinimumVisualStudioVersion = 10.0.40219.1
Project("{FAE04EC0-301F-11D3-BF4B-00C04F79EFBC}") = "TodoListMvcApp", "TodoListMvcApp.csproj", "{E6BA3349-51C4-44C9-BDCD-DC878148804E}"
EndProject
Global
	GlobalSection(SolutionConfigurationPlatforms) = preSolution
		Debug|Any CPU = Debug|Any CPU
		Release|Any CPU = Release|Any CPU
	EndGlobalSection
	GlobalSection(ProjectConfigurationPlatforms) = postSolution
		{E6BA3349-51C4-44C9-BDCD-DC878148804E}.Debug|Any CPU.ActiveCfg = Debug|Any CPU
		{E6BA3349-51C4-44C9-BDCD-DC878148804E}.Debug|Any CPU.Build.0 = Debug|Any CPU
		{E6BA3349-51C4-44C9-BDCD-DC878148804E}.Release|Any CPU.ActiveCfg = Release|Any CPU
		{E6BA3349-51C4-44C9-BDCD-DC878148804E}.Release|Any CPU.Build.0 = Release|Any CPU
	EndGlobalSection
	GlobalSection(SolutionProperties) = preSolution
		HideSolutionNode = FALSE
	EndGlobalSection
	GlobalSection(ExtensibilityGlobals) = postSolution
		SolutionGuid = {BEE7FBBF-4CAD-46FD-9E93-19592FB86E73}
	EndGlobalSection
EndGlobal
